{
  "lockfile_version": "1",
  "packages": {
    "gh@latest": {
      "last_modified": "2025-05-02T02:23:51Z",
      "resolved": "github:NixOS/nixpkgs/032bc6539bd5f14e9d0c51bd79cfe9a055b094c3#gh",
      "source": "devbox-search",
      "version": "2.72.0",
      "systems": {
        "aarch64-darwin": {
          "outputs": [
            {
              "name": "out",
              "path": "/nix/store/qzh3pln071d8zs11bb6ppnmfx7w5gkqf-gh-2.72.0",
              "default": true
            }
          ],
          "store_path": "/nix/store/qzh3pln071d8zs11bb6ppnmfx7w5gkqf-gh-2.72.0"
        },
        "aarch64-linux": {
          "outputs": [
            {
              "name": "out",
              "path": "/nix/store/lpp3rmb04fcxas70yf9g4kkzq4ag61i4-gh-2.72.0",
              "default": true
            }
          ],
          "store_path": "/nix/store/lpp3rmb04fcxas70yf9g4kkzq4ag61i4-gh-2.72.0"
        },
        "x86_64-darwin": {
          "outputs": [
            {
              "name": "out",
              "path": "/nix/store/kgsgb0rk2qxj9fxa2chra1dyrkwlxsyf-gh-2.72.0",
              "default": true
            }
          ],
          "store_path": "/nix/store/kgsgb0rk2qxj9fxa2chra1dyrkwlxsyf-gh-2.72.0"
        },
        "x86_64-linux": {
          "outputs": [
            {
              "name": "out",
              "path": "/nix/store/aapnxgvkl1xx1s13c93k8d18f3vlg9r0-gh-2.72.0",
              "default": true
            }
          ],
          "store_path": "/nix/store/aapnxgvkl1xx1s13c93k8d18f3vlg9r0-gh-2.72.0"
        }
      }
    },
    "git@latest": {
      "last_modified": "2025-04-17T05:47:26Z",
      "resolved": "github:NixOS/nixpkgs/ebe4301cbd8f81c4f8d3244b3632338bbeb6d49c#git",
      "source": "devbox-search",
      "version": "2.49.0",
      "systems": {
        "aarch64-darwin": {
          "outputs": [
            {
              "name": "out",
              "path": "/nix/store/s5b9rm8fjxggjak0yl2dkxzswfpzl8p8-git-2.49.0",
              "default": true
            },
            {
              "name": "doc",
              "path": "/nix/store/2hygrabh741w0ynwcb6gy2922cx4fnj3-git-2.49.0-doc"
            }
          ],
          "store_path": "/nix/store/s5b9rm8fjxggjak0yl2dkxzswfpzl8p8-git-2.49.0"
        },
        "aarch64-linux": {
          "outputs": [
            {
              "name": "out",
              "path": "/nix/store/rs24n34brzvcmgld6mgfg0dd7ynv26pp-git-2.49.0",
              "default": true
            },
            {
              "name": "debug",
              "path": "/nix/store/wgki5jsxgg6lxqh98jgbj9dnwv7f68cw-git-2.49.0-debug"
            },
            {
              "name": "doc",
              "path": "/nix/store/3h7fnw0qhy92c8iyrv2i64r6wywsnjsa-git-2.49.0-doc"
            }
          ],
          "store_path": "/nix/store/rs24n34brzvcmgld6mgfg0dd7ynv26pp-git-2.49.0"
        },
        "x86_64-darwin": {
          "outputs": [
            {
              "name": "out",
              "path": "/nix/store/0zv7h6mzrxk0sarvis22imr9nmnmqlpg-git-2.49.0",
              "default": true
            },
            {
              "name": "doc",
              "path": "/nix/store/yiy6g5pi9jvp2nzgd4ncfwbhs13nwwz1-git-2.49.0-doc"
            }
          ],
          "store_path": "/nix/store/0zv7h6mzrxk0sarvis22imr9nmnmqlpg-git-2.49.0"
        },
        "x86_64-linux": {
          "outputs": [
            {
              "name": "out",
              "path": "/nix/store/z8z1mhfnvw40dwljqazxv0343sv5ds2g-git-2.49.0",
              "default": true
            },
            {
              "name": "debug",
              "path": "/nix/store/w547h0xwq9489xnqg1ddqlh1v71xvng8-git-2.49.0-debug"
            },
            {
              "name": "doc",
              "path": "/nix/store/rjjf5h1qcwgdxs9w23h6p0bhavgaknyh-git-2.49.0-doc"
            }
          ],
          "store_path": "/nix/store/z8z1mhfnvw40dwljqazxv0343sv5ds2g-git-2.49.0"
        }
      }
    },
    "github:NixOS/nixpkgs/nixpkgs-unstable": {
      "last_modified": "2025-05-12T14:38:58Z",
      "resolved": "github:NixOS/nixpkgs/eaeed9530c76ce5f1d2d8232e08bec5e26f18ec1?lastModified=1747060738&narHash=sha256-ByfPRQuqj%2BnhtVV0koinEpmJw0KLzNbgcgi9EF%2BNVow%3D"
    },
    "glib@latest": {
      "last_modified": "2025-05-04T22:22:57Z",
      "resolved": "github:NixOS/nixpkgs/ed30f8aba41605e3ab46421e3dcb4510ec560ff8#glib",
      "source": "devbox-search",
      "version": "2.82.5",
      "systems": {
        "aarch64-darwin": {
          "outputs": [
            {
              "name": "bin",
              "path": "/nix/store/72aqkmc1ff8331clw056fygmf5156wap-glib-2.82.5-bin",
              "default": true
            },
            {
              "name": "dev",
              "path": "/nix/store/699g20v1iry0x3xiybp57hjw1bfm2g06-glib-2.82.5-dev"
            },
            {
              "name": "devdoc",
              "path": "/nix/store/jk5ynpv2jrjrjjxxcp3vs47aldr50qma-glib-2.82.5-devdoc"
            },
            {
              "name": "out",
              "path": "/nix/store/b9zka1ymsxvhkzxs75gyz78jjm1d5vza-glib-2.82.5"
            }
          ],
          "store_path": "/nix/store/72aqkmc1ff8331clw056fygmf5156wap-glib-2.82.5-bin"
        },
        "aarch64-linux": {
          "outputs": [
            {
              "name": "bin",
              "path": "/nix/store/s768z7syvlq6h9841nygaaqpczvc87q0-glib-2.82.5-bin",
              "default": true
            },
            {
              "name": "debug",
              "path": "/nix/store/8gf3qys1cr0s1slhf96y8by0w3hvsb02-glib-2.82.5-debug"
            },
            {
              "name": "dev",
              "path": "/nix/store/0r2f4i3xsnky3r5rgqxbh2rvjr2d42j1-glib-2.82.5-dev"
            },
            {
              "name": "devdoc",
              "path": "/nix/store/dids3si315rb12ifbardxrdz46n0gskf-glib-2.82.5-devdoc"
            },
            {
              "name": "out",
              "path": "/nix/store/mm42al2wq9b5d3dg1xil8321102z205v-glib-2.82.5"
            }
          ],
          "store_path": "/nix/store/s768z7syvlq6h9841nygaaqpczvc87q0-glib-2.82.5-bin"
        },
        "x86_64-darwin": {
          "outputs": [
            {
              "name": "bin",
              "path": "/nix/store/q07br5vhha9mibyf94figj1zkg4mdxlp-glib-2.82.5-bin",
              "default": true
            },
            {
              "name": "dev",
              "path": "/nix/store/k9lp8mnjspfdm8rrgdlmazcwiw3ngk2r-glib-2.82.5-dev"
            },
            {
              "name": "devdoc",
              "path": "/nix/store/zaa8fs038c3680cwyrlc74grfsxvqkp6-glib-2.82.5-devdoc"
            },
            {
              "name": "out",
              "path": "/nix/store/jn1xrhhf6rg2nn8vdlxvmpnvm5y25zbb-glib-2.82.5"
            }
          ],
          "store_path": "/nix/store/q07br5vhha9mibyf94figj1zkg4mdxlp-glib-2.82.5-bin"
        },
        "x86_64-linux": {
          "outputs": [
            {
              "name": "bin",
              "path": "/nix/store/s3insilxvj11miid5pf1mbp4fawykaal-glib-2.82.5-bin",
              "default": true
            },
            {
              "name": "out",
              "path": "/nix/store/ysm6ybv02ms2v6lzsx7fnqi2cy937l9x-glib-2.82.5"
            },
            {
              "name": "debug",
              "path": "/nix/store/7wfaswffg76il1v7ilkz6wcnx6z447hz-glib-2.82.5-debug"
            },
            {
              "name": "dev",
              "path": "/nix/store/xiwx6867gn8yzy575hkyszdkmyv2i59r-glib-2.82.5-dev"
            },
            {
              "name": "devdoc",
              "path": "/nix/store/j2cvjbkb9jq3wh6cxjxyjrs0d196qjr3-glib-2.82.5-devdoc"
            }
          ],
          "store_path": "/nix/store/s3insilxvj11miid5pf1mbp4fawykaal-glib-2.82.5-bin"
        }
      }
    },
    "gnumake@latest": {
      "last_modified": "2024-06-12T20:55:33Z",
      "resolved": "github:NixOS/nixpkgs/a9858885e197f984d92d7fe64e9fff6b2e488d40#gnumake",
      "source": "devbox-search",
      "version": "4.4.1",
      "systems": {
        "aarch64-darwin": {
          "outputs": [
            {
              "name": "out",
              "path": "/nix/store/qkkliqj6qhzlkchlkqc6n2iry22gi78q-gnumake-4.4.1",
              "default": true
            },
            {
              "name": "man",
              "path": "/nix/store/dmwcjbixs9hd9yrhfccbnac5macnbk8v-gnumake-4.4.1-man",
              "default": true
            },
            {
              "name": "info",
              "path": "/nix/store/79r1gy3hy993aj4f37wd83ad36j3bq52-gnumake-4.4.1-info"
            }
          ],
          "store_path": "/nix/store/qkkliqj6qhzlkchlkqc6n2iry22gi78q-gnumake-4.4.1"
        },
        "aarch64-linux": {
          "outputs": [
            {
              "name": "out",
              "path": "/nix/store/8pynb9b4k67r27hizrcj9gjr432y8a1y-gnumake-4.4.1",
              "default": true
            },
            {
              "name": "man",
              "path": "/nix/store/9k1jrb18rjngqraz5d289yabfpji3z5c-gnumake-4.4.1-man",
              "default": true
            },
            {
              "name": "debug",
              "path": "/nix/store/nmfk05y35amg7wayngr1c2c2jzhmlgfg-gnumake-4.4.1-debug"
            },
            {
              "name": "info",
              "path": "/nix/store/8q2ns2k33zs2fh50fnjn8615m92gw5lm-gnumake-4.4.1-info"
            }
          ],
          "store_path": "/nix/store/8pynb9b4k67r27hizrcj9gjr432y8a1y-gnumake-4.4.1"
        },
        "x86_64-darwin": {
          "outputs": [
            {
              "name": "out",
              "path": "/nix/store/dkhhxf3ym48qig17psd17nnk9i6w70j1-gnumake-4.4.1",
              "default": true
            },
            {
              "name": "man",
              "path": "/nix/store/7f3p4cgy7qw4x6fwjxmlvx3nynz1i1g6-gnumake-4.4.1-man",
              "default": true
            },
            {
              "name": "info",
              "path": "/nix/store/1galikm5wxwhhwghvl93b76d5q8wj96d-gnumake-4.4.1-info"
            }
          ],
          "store_path": "/nix/store/dkhhxf3ym48qig17psd17nnk9i6w70j1-gnumake-4.4.1"
        },
        "x86_64-linux": {
          "outputs": [
            {
              "name": "out",
              "path": "/nix/store/ggk94mjyn9zw716lqh0bb0ipl9xl271k-gnumake-4.4.1",
              "default": true
            },
            {
              "name": "man",
              "path": "/nix/store/nq33rh3k81skrdz6v6j5dq0z56p8ai37-gnumake-4.4.1-man",
              "default": true
            },
            {
              "name": "debug",
              "path": "/nix/store/zk2mrdl72rb81302scnj0rhb7d2dwk5a-gnumake-4.4.1-debug"
            },
            {
              "name": "info",
              "path": "/nix/store/pciwycm9jbbfbhsa9wfasqbs7113m70z-gnumake-4.4.1-info"
            }
          ],
          "store_path": "/nix/store/ggk94mjyn9zw716lqh0bb0ipl9xl271k-gnumake-4.4.1"
        }
      }
    },
    "go-task@latest": {
      "last_modified": "2024-06-12T20:55:33Z",
      "resolved": "github:NixOS/nixpkgs/a9858885e197f984d92d7fe64e9fff6b2e488d40#go-task",
      "source": "devbox-search",
      "version": "3.37.2",
      "systems": {
        "aarch64-darwin": {
          "outputs": [
            {
              "name": "out",
              "path": "/nix/store/xj1p4vb2b09610dpyn1wh7qg6axicdw9-go-task-3.37.2",
              "default": true
            }
          ],
          "store_path": "/nix/store/xj1p4vb2b09610dpyn1wh7qg6axicdw9-go-task-3.37.2"
        },
        "aarch64-linux": {
          "outputs": [
            {
              "name": "out",
              "path": "/nix/store/i7rv367d2p5yj6hhsbja96rlkvj7fvm5-go-task-3.37.2",
              "default": true
            }
          ],
          "store_path": "/nix/store/i7rv367d2p5yj6hhsbja96rlkvj7fvm5-go-task-3.37.2"
        },
        "x86_64-darwin": {
          "outputs": [
            {
              "name": "out",
              "path": "/nix/store/vqas5d4fd44paghrjyyj5wa52mv5inr5-go-task-3.37.2",
              "default": true
            }
          ],
          "store_path": "/nix/store/vqas5d4fd44paghrjyyj5wa52mv5inr5-go-task-3.37.2"
        },
        "x86_64-linux": {
          "outputs": [
            {
              "name": "out",
              "path": "/nix/store/gy9vnx7dm5chq2isyi6ig9x908hb7kd6-go-task-3.37.2",
              "default": true
            }
          ],
          "store_path": "/nix/store/gy9vnx7dm5chq2isyi6ig9x908hb7kd6-go-task-3.37.2"
        }
      }
    },
    "kubectl@latest": {
      "last_modified": "2025-05-03T10:49:23Z",
      "resolved": "github:NixOS/nixpkgs/b6aef6c3553f849e1e6c08f1bcd3061df2b69fc4#kubectl",
      "source": "devbox-search",
      "version": "1.33.0",
      "systems": {
        "aarch64-darwin": {
          "outputs": [
            {
              "name": "out",
              "path": "/nix/store/ca0rizbf9qc8rqmn3cqzzy65k2il9dz8-kubectl-1.33.0",
              "default": true
            },
            {
              "name": "man",
              "path": "/nix/store/2nj939rw1s5a7n9ky3r7rzpw9mvn0pgm-kubectl-1.33.0-man",
              "default": true
            },
            {
              "name": "convert",
              "path": "/nix/store/4skllfm7pi9fvbrjxc77pwwnkvzbbk9d-kubectl-1.33.0-convert"
            }
          ],
          "store_path": "/nix/store/ca0rizbf9qc8rqmn3cqzzy65k2il9dz8-kubectl-1.33.0"
        },
        "aarch64-linux": {
          "outputs": [
            {
              "name": "out",
              "path": "/nix/store/7zg6c6ia3qvpl90xdpf8ky2wn2kcg42h-kubectl-1.33.0",
              "default": true
            },
            {
              "name": "man",
              "path": "/nix/store/4jh2hs3iawrsfbsih2ddzr42gbhbyixc-kubectl-1.33.0-man",
              "default": true
            },
            {
              "name": "convert",
              "path": "/nix/store/krdav16jc0jvrgpivgwyprkrpvfsmk5n-kubectl-1.33.0-convert"
            }
          ],
          "store_path": "/nix/store/7zg6c6ia3qvpl90xdpf8ky2wn2kcg42h-kubectl-1.33.0"
        },
        "x86_64-darwin": {
          "outputs": [
            {
              "name": "out",
              "path": "/nix/store/j6s7v31ss9qlc79ac363vqnq28p62l8c-kubectl-1.33.0",
              "default": true
            },
            {
              "name": "man",
              "path": "/nix/store/i919x98v35viisiylbgskyi5imjm2ppg-kubectl-1.33.0-man",
              "default": true
            },
            {
              "name": "convert",
              "path": "/nix/store/3rbhqv054ijp51zzh60lbws6ia7madj1-kubectl-1.33.0-convert"
            }
          ],
          "store_path": "/nix/store/j6s7v31ss9qlc79ac363vqnq28p62l8c-kubectl-1.33.0"
        },
        "x86_64-linux": {
          "outputs": [
            {
              "name": "out",
              "path": "/nix/store/9rn354l23mr9kh840kn94c3p9bns4wd4-kubectl-1.33.0",
              "default": true
            },
            {
              "name": "man",
              "path": "/nix/store/sakg9rw3pdg0d0pbpjizvy8vcyydqxrc-kubectl-1.33.0-man",
              "default": true
            },
            {
              "name": "convert",
              "path": "/nix/store/8bs481ic0gwaa5m3qz6hqzxrxnskv3zw-kubectl-1.33.0-convert"
            }
          ],
          "store_path": "/nix/store/9rn354l23mr9kh840kn94c3p9bns4wd4-kubectl-1.33.0"
        }
      }
    },
    "nodejs@latest": {
      "last_modified": "2025-06-14T12:19:57Z",
      "plugin_version": "0.0.2",
      "resolved": "github:NixOS/nixpkgs/41da1e3ea8e23e094e5e3eeb1e6b830468a7399e#nodejs_24",
      "source": "devbox-search",
      "version": "24.1.0",
      "systems": {
        "aarch64-darwin": {
          "outputs": [
            {
              "name": "out",
              "path": "/nix/store/2q5an9rpdq4vhc5ag04ajxnzxxqsqchq-nodejs-24.1.0",
              "default": true
            },
            {
              "name": "dev",
              "path": "/nix/store/hb25vqffnqd3hl7glmm1y4n54bmpfppr-nodejs-24.1.0-dev"
            },
            {
              "name": "libv8",
              "path": "/nix/store/jw04y4lzw7x0v2yh437s3l6cri5l50vv-nodejs-24.1.0-libv8"
            }
          ],
          "store_path": "/nix/store/2q5an9rpdq4vhc5ag04ajxnzxxqsqchq-nodejs-24.1.0"
        },
        "aarch64-linux": {
          "outputs": [
            {
              "name": "out",
              "path": "/nix/store/1ypnf27d1amna71zl7jgjpli4r2xqzx9-nodejs-24.1.0",
              "default": true
            },
            {
              "name": "dev",
              "path": "/nix/store/3alphvmg91jin165pj9q5zfk7j40azbg-nodejs-24.1.0-dev"
            },
            {
              "name": "libv8",
              "path": "/nix/store/z1cbkwmgw0f94rhvc40v3k8z1rg9zkzf-nodejs-24.1.0-libv8"
            }
          ],
          "store_path": "/nix/store/1ypnf27d1amna71zl7jgjpli4r2xqzx9-nodejs-24.1.0"
        },
        "x86_64-darwin": {
          "outputs": [
            {
              "name": "out",
              "path": "/nix/store/plga9910l27vbg30ajmdsmccyj2a3pxm-nodejs-24.1.0",
              "default": true
            },
            {
              "name": "libv8",
              "path": "/nix/store/d6cq633qq8jr8liaip97fjwpv9r15ivb-nodejs-24.1.0-libv8"
            },
            {
              "name": "dev",
              "path": "/nix/store/4b8xp5vrd08ca1im5b607x1wwvy4njjx-nodejs-24.1.0-dev"
            }
          ],
          "store_path": "/nix/store/plga9910l27vbg30ajmdsmccyj2a3pxm-nodejs-24.1.0"
        },
        "x86_64-linux": {
          "outputs": [
            {
              "name": "out",
              "path": "/nix/store/wnayblhh0555nwfccnzcqkzph52y4yby-nodejs-24.1.0",
              "default": true
            },
            {
              "name": "libv8",
              "path": "/nix/store/4paqvzbw7jjzvn64liv5wwzc7fdsr7k7-nodejs-24.1.0-libv8"
            },
            {
              "name": "dev",
              "path": "/nix/store/8ydr7k53w188y9fhskl7ahl8ibchx7w8-nodejs-24.1.0-dev"
            }
          ],
          "store_path": "/nix/store/wnayblhh0555nwfccnzcqkzph52y4yby-nodejs-24.1.0"
        }
      }
    },
    "openssl@latest": {
      "last_modified": "2025-05-03T19:26:05Z",
      "resolved": "github:NixOS/nixpkgs/f21e4546e3ede7ae34d12a84602a22246b31f7e0#openssl",
      "source": "devbox-search",
      "version": "3.4.1",
      "systems": {
        "aarch64-darwin": {
          "outputs": [
            {
              "name": "bin",
              "path": "/nix/store/w870sgdxlfs0qj3ns87lq553yhm38yd8-openssl-3.4.1-bin",
              "default": true
            },
            {
              "name": "man",
              "path": "/nix/store/3jg2vq3njzz6wx5q2kym7zjpaznb4w4g-openssl-3.4.1-man",
              "default": true
            },
            {
              "name": "dev",
              "path": "/nix/store/vg5hxgrz9af5kak1ramgfpxn0cl29s8h-openssl-3.4.1-dev"
            },
            {
              "name": "doc",
              "path": "/nix/store/ih0n1hvk5gapn780hknq1z15ac43fhsq-openssl-3.4.1-doc"
            },
            {
              "name": "out",
              "path": "/nix/store/8kgyrgfpdgx1kvgaaw9j4cyf3731zh3f-openssl-3.4.1"
            }
          ],
          "store_path": "/nix/store/w870sgdxlfs0qj3ns87lq553yhm38yd8-openssl-3.4.1-bin"
        },
        "aarch64-linux": {
          "outputs": [
            {
              "name": "bin",
              "path": "/nix/store/h7bimy1mcc1nfh5g5qmm4mrg2mh2viar-openssl-3.4.1-bin",
              "default": true
            },
            {
              "name": "man",
              "path": "/nix/store/zkn38yg3nj1xy2hbsxpa9y3fqcxibycy-openssl-3.4.1-man",
              "default": true
            },
            {
              "name": "out",
              "path": "/nix/store/nggnlzwnhqjdlwr1i3pagd1lixac844l-openssl-3.4.1"
            },
            {
              "name": "debug",
              "path": "/nix/store/wv23r1yc6sdn7bz358nl2v5z5ix8wq55-openssl-3.4.1-debug"
            },
            {
              "name": "dev",
              "path": "/nix/store/qinywls876bwkpj3pdq5ds99mb1wxpk4-openssl-3.4.1-dev"
            },
            {
              "name": "doc",
              "path": "/nix/store/96ravrb9rmkla59ka49006l4ch00c3c6-openssl-3.4.1-doc"
            }
          ],
          "store_path": "/nix/store/h7bimy1mcc1nfh5g5qmm4mrg2mh2viar-openssl-3.4.1-bin"
        },
        "x86_64-darwin": {
          "outputs": [
            {
              "name": "bin",
              "path": "/nix/store/9yqbv06jcq1h5kd96j69njc729wly5rk-openssl-3.4.1-bin",
              "default": true
            },
            {
              "name": "man",
              "path": "/nix/store/ykkd6jdwfhkxqyxsp1pmr1b5y4gwmsqw-openssl-3.4.1-man",
              "default": true
            },
            {
              "name": "dev",
              "path": "/nix/store/qfman48d4n44gl3a80ak3s88fs15lzp6-openssl-3.4.1-dev"
            },
            {
              "name": "doc",
              "path": "/nix/store/4w7cw7knbddz8bhf4b1p875lw4nni67p-openssl-3.4.1-doc"
            },
            {
              "name": "out",
              "path": "/nix/store/2xfksl6axmhk1i853f5z30bjdzrizvkf-openssl-3.4.1"
            }
          ],
          "store_path": "/nix/store/9yqbv06jcq1h5kd96j69njc729wly5rk-openssl-3.4.1-bin"
        },
        "x86_64-linux": {
          "outputs": [
            {
              "name": "bin",
              "path": "/nix/store/6ixac5i91likh5njdkrj8g4m2bhfgzcf-openssl-3.4.1-bin",
              "default": true
            },
            {
              "name": "man",
              "path": "/nix/store/mdc7slc6rzngkzlcn7pq70vghknvpsjq-openssl-3.4.1-man",
              "default": true
            },
            {
              "name": "doc",
              "path": "/nix/store/wwymhrqycz6wrzkvxn23qb47lc07zfq2-openssl-3.4.1-doc"
            },
            {
              "name": "out",
              "path": "/nix/store/xy8x4g472i5n1bh24c5ixhbnk6qlm9vz-openssl-3.4.1"
            },
            {
              "name": "debug",
              "path": "/nix/store/zpbbcc0agw4rqc89ihyjq2yqq1dswjdp-openssl-3.4.1-debug"
            },
            {
              "name": "dev",
              "path": "/nix/store/jv45xs1p8v9mcychfgkv6vxridcn532h-openssl-3.4.1-dev"
            }
          ],
          "store_path": "/nix/store/6ixac5i91likh5njdkrj8g4m2bhfgzcf-openssl-3.4.1-bin"
        }
      }
    },
    "pre-commit@latest": {
      "last_modified": "2025-04-29T04:24:43Z",
      "resolved": "github:NixOS/nixpkgs/ffa0bb043c25cfc79ff3bc20ba2e44c3724499b1#pre-commit",
      "source": "devbox-search",
      "version": "4.0.1",
      "systems": {
        "aarch64-darwin": {
          "outputs": [
            {
              "name": "out",
              "path": "/nix/store/3qcg99ylsvnpgjz6mraychq1cq7h0hqy-pre-commit-4.0.1",
              "default": true
            },
            {
              "name": "dist",
              "path": "/nix/store/2kfsh11nmbfb4p0swc8fbd64zx8yxk2m-pre-commit-4.0.1-dist"
            }
          ],
          "store_path": "/nix/store/3qcg99ylsvnpgjz6mraychq1cq7h0hqy-pre-commit-4.0.1"
        },
        "aarch64-linux": {
          "outputs": [
            {
              "name": "out",
              "path": "/nix/store/ncrrahxiwhhbfhlahhchn4vjjbbx2bki-pre-commit-4.0.1",
              "default": true
            },
            {
              "name": "dist",
              "path": "/nix/store/hs6q88mzrg7ahs0q8zrpzdhcjx3q7hby-pre-commit-4.0.1-dist"
            }
          ],
          "store_path": "/nix/store/ncrrahxiwhhbfhlahhchn4vjjbbx2bki-pre-commit-4.0.1"
        },
        "x86_64-darwin": {
          "outputs": [
            {
              "name": "out",
              "path": "/nix/store/4cawf7w6kan4hk8fm7fd61r6wrcx1pql-pre-commit-4.0.1",
              "default": true
            },
            {
              "name": "dist",
              "path": "/nix/store/i66khaa7g5v722lp1lb1sf9ahzlsdbhl-pre-commit-4.0.1-dist"
            }
          ],
          "store_path": "/nix/store/4cawf7w6kan4hk8fm7fd61r6wrcx1pql-pre-commit-4.0.1"
        },
        "x86_64-linux": {
          "outputs": [
            {
              "name": "out",
              "path": "/nix/store/8y3rszv7dpch6l6hbixfhmdwmki75mqq-pre-commit-4.0.1",
              "default": true
            },
            {
              "name": "dist",
              "path": "/nix/store/xaxz96ykrhz5rw55p9i5qvykd06zz285-pre-commit-4.0.1-dist"
            }
          ],
          "store_path": "/nix/store/8y3rszv7dpch6l6hbixfhmdwmki75mqq-pre-commit-4.0.1"
        }
      }
    },
    "ruff@latest": {
      "last_modified": "2025-05-02T02:23:51Z",
      "resolved": "github:NixOS/nixpkgs/032bc6539bd5f14e9d0c51bd79cfe9a055b094c3#ruff",
      "source": "devbox-search",
      "version": "0.11.8",
      "systems": {
        "aarch64-darwin": {
          "outputs": [
            {
              "name": "out",
              "path": "/nix/store/8f8fjng4nk137h2f4bh232096kyaxnlj-ruff-0.11.8",
              "default": true
            }
          ],
          "store_path": "/nix/store/8f8fjng4nk137h2f4bh232096kyaxnlj-ruff-0.11.8"
        },
        "aarch64-linux": {
          "outputs": [
            {
              "name": "out",
              "path": "/nix/store/l5rcgzyrzi65454k5rf4xf8j19cr5524-ruff-0.11.8",
              "default": true
            }
          ],
          "store_path": "/nix/store/l5rcgzyrzi65454k5rf4xf8j19cr5524-ruff-0.11.8"
        },
        "x86_64-darwin": {
          "outputs": [
            {
              "name": "out",
              "path": "/nix/store/z8kvg9ci66k53xraa2xgidn34rf82vky-ruff-0.11.8",
              "default": true
            }
          ],
          "store_path": "/nix/store/z8kvg9ci66k53xraa2xgidn34rf82vky-ruff-0.11.8"
        },
        "x86_64-linux": {
          "outputs": [
            {
              "name": "out",
              "path": "/nix/store/8wb0brfxm0l78zq0nnyqgnv6p1waap41-ruff-0.11.8",
              "default": true
            }
          ],
          "store_path": "/nix/store/8wb0brfxm0l78zq0nnyqgnv6p1waap41-ruff-0.11.8"
        }
      }
    },
    "tilt@latest": {
      "last_modified": "2024-06-16T13:15:37Z",
      "resolved": "github:NixOS/nixpkgs/683aa7c4e385509ca651d49eeb35e58c7a1baad6#tilt",
      "source": "devbox-search",
      "version": "0.33.10",
      "systems": {
        "aarch64-darwin": {
          "outputs": [
            {
              "name": "out",
              "path": "/nix/store/gzwq36y6jkihjkjbc23wgg8b2s7j1ng6-tilt-0.33.10",
              "default": true
            }
          ],
          "store_path": "/nix/store/gzwq36y6jkihjkjbc23wgg8b2s7j1ng6-tilt-0.33.10"
        },
        "aarch64-linux": {
          "outputs": [
            {
              "name": "out",
              "path": "/nix/store/2gaw5amxl27jarn82ia5nwxasn2m2p0p-tilt-0.33.10",
              "default": true
            }
          ],
          "store_path": "/nix/store/2gaw5amxl27jarn82ia5nwxasn2m2p0p-tilt-0.33.10"
        },
        "x86_64-darwin": {
          "outputs": [
            {
              "name": "out",
              "path": "/nix/store/haxd3aa1h4z7i55kgzqhc12hva007y2z-tilt-0.33.10",
              "default": true
            }
          ],
          "store_path": "/nix/store/haxd3aa1h4z7i55kgzqhc12hva007y2z-tilt-0.33.10"
        },
        "x86_64-linux": {
          "outputs": [
            {
              "name": "out",
              "path": "/nix/store/2z7zm1h4rgd69hkda6j73ibpibbzzp1l-tilt-0.33.10",
              "default": true
            }
          ],
          "store_path": "/nix/store/2z7zm1h4rgd69hkda6j73ibpibbzzp1l-tilt-0.33.10"
        }
      }
    },
    "uv@latest": {
      "last_modified": "2024-06-19T22:49:28Z",
      "resolved": "github:NixOS/nixpkgs/98053e7c05285b3079af95e99aef97d9455faef7#uv",
      "source": "devbox-search",
      "version": "0.2.13",
      "systems": {
        "aarch64-darwin": {
          "outputs": [
            {
              "name": "out",
              "path": "/nix/store/yajrm9558dvh5x88dxkswja6n4m9ny1i-uv-0.2.13",
              "default": true
            },
            {
              "name": "dist",
              "path": "/nix/store/hz49i3q4kdh4yrvmxcmq34xqs471210a-uv-0.2.13-dist"
            }
          ],
          "store_path": "/nix/store/yajrm9558dvh5x88dxkswja6n4m9ny1i-uv-0.2.13"
        },
        "aarch64-linux": {
          "outputs": [
            {
              "name": "out",
              "path": "/nix/store/hcfz60ykxfdc2cx47df0g75z86m9bd8f-uv-0.2.13",
              "default": true
            },
            {
              "name": "dist",
              "path": "/nix/store/5lfi4cjq56yynvx9cddv56cf90zm4i8b-uv-0.2.13-dist"
            }
          ],
          "store_path": "/nix/store/hcfz60ykxfdc2cx47df0g75z86m9bd8f-uv-0.2.13"
        },
        "x86_64-darwin": {
          "outputs": [
            {
              "name": "out",
              "path": "/nix/store/p5qz3lqla85sxa5rivgfqgkzixrirgym-uv-0.2.13",
              "default": true
            },
            {
              "name": "dist",
              "path": "/nix/store/kajmw58jlalq9mlr0z6py2haqni4s8fm-uv-0.2.13-dist"
            }
          ],
          "store_path": "/nix/store/p5qz3lqla85sxa5rivgfqgkzixrirgym-uv-0.2.13"
        },
        "x86_64-linux": {
          "outputs": [
            {
              "name": "out",
              "path": "/nix/store/qb455hfjwy16c160d2qfyd9gc2nxlsp0-uv-0.2.13",
              "default": true
            },
            {
              "name": "dist",
              "path": "/nix/store/dxqw3bavjr647ks6v1cd7zz20z9n9fqv-uv-0.2.13-dist"
            }
          ],
          "store_path": "/nix/store/qb455hfjwy16c160d2qfyd9gc2nxlsp0-uv-0.2.13"
        }
      }
    }
  }
}
